
Microsoft Visual Studio Solution File, Format Version 12.00
# Visual Studio Version 17
VisualStudioVersion = 17.14.36518.9
MinimumVisualStudioVersion = 10.0.40219.1
Project("{FAE04EC0-301F-11D3-BF4B-00C04F79EFBC}") = "ECommerceAPI", "ECommerceAPI\ECommerceAPI.csproj", "{A8405473-0084-4F11-8636-FC8994AECD36}"
EndProject
Global
	GlobalSection(SolutionConfigurationPlatforms) = preSolution
		Debug|Any CPU = Debug|Any CPU
		Release|Any CPU = Release|Any CPU
	EndGlobalSection
	GlobalSection(ProjectConfigurationPlatforms) = postSolution
		{A8405473-0084-4F11-8636-FC8994AECD36}.Debug|Any CPU.ActiveCfg = Debug|Any CPU
		{A8405473-0084-4F11-8636-FC8994AECD36}.Debug|Any CPU.Build.0 = Debug|Any CPU
		{A8405473-0084-4F11-8636-FC8994AECD36}.Release|Any CPU.ActiveCfg = Release|Any CPU
		{A8405473-0084-4F11-8636-FC8994AECD36}.Release|Any CPU.Build.0 = Release|Any CPU
	EndGlobalSection
	GlobalSection(SolutionProperties) = preSolution
		HideSolutionNode = FALSE
	EndGlobalSection
	GlobalSection(ExtensibilityGlobals) = postSolution
		SolutionGuid = {2ACAFFC8-6C95-480E-BB09-97B1BFED22E0}
	EndGlobalSection
EndGlobal
